
Microsoft Visual Studio Solution File, Format Version 12.00
# Visual Studio 15
VisualStudioVersion = 15.0.26430.14
MinimumVisualStudioVersion = 10.0.40219.1
Project("{FAE04EC0-301F-11D3-BF4B-00C04F79EFBC}") = "PluralsightEF", "PluralsightEF\PluralsightEF.csproj", "{12ED27ED-1E22-404B-8255-B67C572F7B0B}"
EndProject
Global
	GlobalSection(SolutionConfigurationPlatforms) = preSolution
		Debug|Any CPU = Debug|Any CPU
		Release|Any CPU = Release|Any CPU
	EndGlobalSection
	GlobalSection(ProjectConfigurationPlatforms) = postSolution
		{12ED27ED-1E22-404B-8255-B67C572F7B0B}.Debug|Any CPU.ActiveCfg = Debug|Any CPU
		{12ED27ED-1E22-404B-8255-B67C572F7B0B}.Debug|Any CPU.Build.0 = Debug|Any CPU
		{12ED27ED-1E22-404B-8255-B67C572F7B0B}.Release|Any CPU.ActiveCfg = Release|Any CPU
		{12ED27ED-1E22-404B-8255-B67C572F7B0B}.Release|Any CPU.Build.0 = Release|Any CPU
	EndGlobalSection
	GlobalSection(SolutionProperties) = preSolution
		HideSolutionNode = FALSE
	EndGlobalSection
EndGlobal
